{
  "nodes": {
    "nixpkgs": {
      "locked": {
        "lastModified": 1620252427,
        "narHash": "sha256-U1Q5QceuT4chJTJ1UOt7bZOn9Y2o5/7w27RISjqXoQw=",
        "owner": "nixos",
        "repo": "nixpkgs",
        "rev": "d3ba49889a76539ea0f7d7285b203e7f81326ded",
        "type": "github"
      },
      "original": {
        "owner": "nixos",
        "ref": "nixos-unstable",
        "repo": "nixpkgs",
        "type": "github"
      }
    },
    "root": {
      "inputs": {
        "nixpkgs": "nixpkgs"
      }
    }
  },
  "root": "root",
  "version": 7
}
