{
  "nodes": {
    "nixpkgs": {
      "locked": {
        "lastModified": 1638371214,
        "narHash": "sha256-0kE6KhgH7n0vyuX4aUoGsGIQOqjIx2fJavpCWtn73rc=",
        "path": "/nix/store/d0dl9ch4hhxkqikc1dw3868j95gsbb0h-source",
        "rev": "a640d8394f34714578f3e6335fc767d0755d78f9",
        "type": "path"
      },
      "original": {
        "id": "nixpkgs",
        "type": "indirect"
      }
    },
    "root": {
      "inputs": {
        "nixpkgs": "nixpkgs"
      }
    }
  },
  "root": "root",
  "version": 7
}
